
Microsoft Visual Studio Solution File, Format Version 12.00
# Visual Studio Version 17
VisualStudioVersion = 17.9.34902.65
MinimumVisualStudioVersion = 10.0.40219.1
Project("{FAE04EC0-301F-11D3-BF4B-00C04F79EFBC}") = "Assignment2", "Assignment2.csproj", "{CAF0DD68-7676-4E75-BB62-D53822C2A0A4}"
EndProject
Global
	GlobalSection(SolutionConfigurationPlatforms) = preSolution
		Debug|Any CPU = Debug|Any CPU
		Release|Any CPU = Release|Any CPU
	EndGlobalSection
	GlobalSection(ProjectConfigurationPlatforms) = postSolution
		{CAF0DD68-7676-4E75-BB62-D53822C2A0A4}.Debug|Any CPU.ActiveCfg = Debug|Any CPU
		{CAF0DD68-7676-4E75-BB62-D53822C2A0A4}.Debug|Any CPU.Build.0 = Debug|Any CPU
		{CAF0DD68-7676-4E75-BB62-D53822C2A0A4}.Release|Any CPU.ActiveCfg = Release|Any CPU
		{CAF0DD68-7676-4E75-BB62-D53822C2A0A4}.Release|Any CPU.Build.0 = Release|Any CPU
	EndGlobalSection
	GlobalSection(SolutionProperties) = preSolution
		HideSolutionNode = FALSE
	EndGlobalSection
	GlobalSection(ExtensibilityGlobals) = postSolution
		SolutionGuid = {9DDF895B-8C53-4C2E-82E3-7A83BD1C8BA1}
	EndGlobalSection
EndGlobal
